
Microsoft Visual Studio Solution File, Format Version 12.00
# Visual Studio 15
VisualStudioVersion = 15.0.27130.2027
MinimumVisualStudioVersion = 10.0.40219.1
Project("{FAE04EC0-301F-11D3-BF4B-00C04F79EFBC}") = "Hospital.Data", "Hospital.Data\Hospital.Data.csproj", "{CA7DF048-5E6C-4471-9618-FBD1F39D23DE}"
EndProject
Project("{FAE04EC0-301F-11D3-BF4B-00C04F79EFBC}") = "Hospital.PatientMeasurement", "Hospital.PatientMeasurement\Hospital.PatientMeasurement.csproj", "{7F6EB6DD-4B40-4342-930B-2A082B04C52E}"
EndProject
Project("{FAE04EC0-301F-11D3-BF4B-00C04F79EFBC}") = "Hospital.WebClient", "Hospital.WebClient\Hospital.WebClient.csproj", "{E69C768C-7E17-4015-A23B-16B639778069}"
EndProject
Global
	GlobalSection(SolutionConfigurationPlatforms) = preSolution
		Debug|Any CPU = Debug|Any CPU
		Release|Any CPU = Release|Any CPU
	EndGlobalSection
	GlobalSection(ProjectConfigurationPlatforms) = postSolution
		{CA7DF048-5E6C-4471-9618-FBD1F39D23DE}.Debug|Any CPU.ActiveCfg = Debug|Any CPU
		{CA7DF048-5E6C-4471-9618-FBD1F39D23DE}.Debug|Any CPU.Build.0 = Debug|Any CPU
		{CA7DF048-5E6C-4471-9618-FBD1F39D23DE}.Release|Any CPU.ActiveCfg = Release|Any CPU
		{CA7DF048-5E6C-4471-9618-FBD1F39D23DE}.Release|Any CPU.Build.0 = Release|Any CPU
		{7F6EB6DD-4B40-4342-930B-2A082B04C52E}.Debug|Any CPU.ActiveCfg = Debug|Any CPU
		{7F6EB6DD-4B40-4342-930B-2A082B04C52E}.Debug|Any CPU.Build.0 = Debug|Any CPU
		{7F6EB6DD-4B40-4342-930B-2A082B04C52E}.Release|Any CPU.ActiveCfg = Release|Any CPU
		{7F6EB6DD-4B40-4342-930B-2A082B04C52E}.Release|Any CPU.Build.0 = Release|Any CPU
		{E69C768C-7E17-4015-A23B-16B639778069}.Debug|Any CPU.ActiveCfg = Debug|Any CPU
		{E69C768C-7E17-4015-A23B-16B639778069}.Debug|Any CPU.Build.0 = Debug|Any CPU
		{E69C768C-7E17-4015-A23B-16B639778069}.Release|Any CPU.ActiveCfg = Release|Any CPU
		{E69C768C-7E17-4015-A23B-16B639778069}.Release|Any CPU.Build.0 = Release|Any CPU
	EndGlobalSection
	GlobalSection(SolutionProperties) = preSolution
		HideSolutionNode = FALSE
	EndGlobalSection
	GlobalSection(ExtensibilityGlobals) = postSolution
		SolutionGuid = {1E82D0A2-EEA7-434B-948E-C9C957081F35}
	EndGlobalSection
EndGlobal
